
Microsoft Visual Studio Solution File, Format Version 12.00
# Visual Studio Version 17
VisualStudioVersion = 17.0.31903.59
MinimumVisualStudioVersion = 10.0.40219.1
Project("{9A19103F-16F7-4668-BE54-9A1E7A4F7556}") = "Gateway", "Gateway.csproj", "{B7923B00-3296-4B98-8CB9-2F63684CF7DA}"
EndProject
Global
	GlobalSection(SolutionConfigurationPlatforms) = preSolution
		Debug|Any CPU = Debug|Any CPU
		Release|Any CPU = Release|Any CPU
	EndGlobalSection
	GlobalSection(ProjectConfigurationPlatforms) = postSolution
		{B7923B00-3296-4B98-8CB9-2F63684CF7DA}.Debug|Any CPU.ActiveCfg = Debug|Any CPU
		{B7923B00-3296-4B98-8CB9-2F63684CF7DA}.Debug|Any CPU.Build.0 = Debug|Any CPU
		{B7923B00-3296-4B98-8CB9-2F63684CF7DA}.Release|Any CPU.ActiveCfg = Release|Any CPU
		{B7923B00-3296-4B98-8CB9-2F63684CF7DA}.Release|Any CPU.Build.0 = Release|Any CPU
	EndGlobalSection
	GlobalSection(SolutionProperties) = preSolution
		HideSolutionNode = FALSE
	EndGlobalSection
	GlobalSection(ExtensibilityGlobals) = postSolution
		SolutionGuid = {E9270716-8662-426B-8DD9-032090C82C7B}
	EndGlobalSection
EndGlobal
